
Microsoft Visual Studio Solution File, Format Version 12.00
# Visual Studio Version 16
VisualStudioVersion = 16.0.29418.71
MinimumVisualStudioVersion = 10.0.40219.1
Project("{9A19103F-16F7-4668-BE54-9A1E7A4F7556}") = "DockerSuperMario", "DockerSuperMario.csproj", "{D0AEECBD-9DA3-45A0-ACD3-A71BD03C63DD}"
EndProject
Global
	GlobalSection(SolutionConfigurationPlatforms) = preSolution
		Debug|Any CPU = Debug|Any CPU
		Release|Any CPU = Release|Any CPU
	EndGlobalSection
	GlobalSection(ProjectConfigurationPlatforms) = postSolution
		{D0AEECBD-9DA3-45A0-ACD3-A71BD03C63DD}.Debug|Any CPU.ActiveCfg = Debug|Any CPU
		{D0AEECBD-9DA3-45A0-ACD3-A71BD03C63DD}.Debug|Any CPU.Build.0 = Debug|Any CPU
		{D0AEECBD-9DA3-45A0-ACD3-A71BD03C63DD}.Release|Any CPU.ActiveCfg = Release|Any CPU
		{D0AEECBD-9DA3-45A0-ACD3-A71BD03C63DD}.Release|Any CPU.Build.0 = Release|Any CPU
	EndGlobalSection
	GlobalSection(SolutionProperties) = preSolution
		HideSolutionNode = FALSE
	EndGlobalSection
	GlobalSection(ExtensibilityGlobals) = postSolution
		SolutionGuid = {5EAC1842-3E4E-4A5A-A85A-709DBBD2B758}
	EndGlobalSection
EndGlobal
